github.com/dung997bn/go_math v1.0.0 h1:rngskrFDP4pz7QlL3heBQdMG0gJQZ5KtZ/ErJ0sKXrg=
github.com/dung997bn/go_math v1.0.0/go.mod h1:qI9jr4G5R0IPE4kinJ3pr3b4RC27XIzJ+WMQ+pa4xSY=
github.com/dung997bn/go_math v1.0.1 h1:r9JSdtNP2BLkQ0pRIu1yhRWSvqrILu+Sc02d5F4xYE4=
github.com/dung997bn/go_math v1.0.1/go.mod h1:qI9jr4G5R0IPE4kinJ3pr3b4RC27XIzJ+WMQ+pa4xSY=
github.com/dung997bn/go_math v1.0.2 h1:CUIF14KvAZvokOPNJnUuLPNfj8jqzKgoYp9hqOQe0BU=
github.com/dung997bn/go_math/v2 v2.0.0 h1:QdMleO/3FrZONOG+Iei555o8gZ6WB+3+jNxzIBhLuF8=
github.com/dung997bn/go_math/v2 v2.0.0/go.mod h1:YGM7nn10qP/032r8ShXNGUYB6Cvcj5wIiEpm9mHHOKs=
